
Microsoft Visual Studio Solution File, Format Version 12.00
# Visual Studio Version 17
VisualStudioVersion = 17.7.34018.315
MinimumVisualStudioVersion = 10.0.40219.1
Project("{FAE04EC0-301F-11D3-BF4B-00C04F79EFBC}") = "AcruxShop.Web", "AcruxShop.Web\AcruxShop.Web.csproj", "{7B2D6339-0CBA-44E2-B47D-2601BCE114AB}"
EndProject
Project("{FAE04EC0-301F-11D3-BF4B-00C04F79EFBC}") = "AcruxShop.API", "AcruxShop.API\AcruxShop.API.csproj", "{9DC81032-5BD3-44B3-A2CD-ABC38901EE8E}"
EndProject
Global
	GlobalSection(SolutionConfigurationPlatforms) = preSolution
		Debug|Any CPU = Debug|Any CPU
		Release|Any CPU = Release|Any CPU
	EndGlobalSection
	GlobalSection(ProjectConfigurationPlatforms) = postSolution
		{7B2D6339-0CBA-44E2-B47D-2601BCE114AB}.Debug|Any CPU.ActiveCfg = Debug|Any CPU
		{7B2D6339-0CBA-44E2-B47D-2601BCE114AB}.Debug|Any CPU.Build.0 = Debug|Any CPU
		{7B2D6339-0CBA-44E2-B47D-2601BCE114AB}.Release|Any CPU.ActiveCfg = Release|Any CPU
		{7B2D6339-0CBA-44E2-B47D-2601BCE114AB}.Release|Any CPU.Build.0 = Release|Any CPU
		{9DC81032-5BD3-44B3-A2CD-ABC38901EE8E}.Debug|Any CPU.ActiveCfg = Debug|Any CPU
		{9DC81032-5BD3-44B3-A2CD-ABC38901EE8E}.Debug|Any CPU.Build.0 = Debug|Any CPU
		{9DC81032-5BD3-44B3-A2CD-ABC38901EE8E}.Release|Any CPU.ActiveCfg = Release|Any CPU
		{9DC81032-5BD3-44B3-A2CD-ABC38901EE8E}.Release|Any CPU.Build.0 = Release|Any CPU
	EndGlobalSection
	GlobalSection(SolutionProperties) = preSolution
		HideSolutionNode = FALSE
	EndGlobalSection
	GlobalSection(ExtensibilityGlobals) = postSolution
		SolutionGuid = {344709F7-115C-4CBD-A665-6F43E80F0F48}
	EndGlobalSection
EndGlobal
